{
  "nodes": {
    "flake-utils": {
      "inputs": {
        "nixpkgs": "nixpkgs"
      },
      "locked": {
        "lastModified": 1639035702,
        "narHash": "sha256-cqxrDxJyKugFSrjuOLK+spcBIodq/hXMRGKGtfslthE=",
        "owner": "nwg",
        "repo": "flake-utils",
        "rev": "73516e25628059805f3d20344e11bf332b3fccff",
        "type": "github"
      },
      "original": {
        "owner": "nwg",
        "repo": "flake-utils",
        "type": "github"
      }
    },
    "nixpkgs": {
      "locked": {
        "lastModified": 1639033976,
        "narHash": "sha256-3C8lLlt44iDLkBKxi3i6MxUBRD2Z0Zd85Y7fhkecMDc=",
        "owner": "NixOS",
        "repo": "nixpkgs",
        "rev": "47ae9997ab257dc46903a56a9ffa8b4e518e0c38",
        "type": "github"
      },
      "original": {
        "id": "nixpkgs",
        "type": "indirect"
      }
    },
    "nixpkgs_2": {
      "locked": {
        "lastModified": 1640090545,
        "narHash": "sha256-6qiF46uBGoSQmjDTFl8ilT+d1DuK39IRHlj0jE5gqZE=",
        "owner": "NixOS",
        "repo": "nixpkgs",
        "rev": "1dd151f0c0c216f416e9553af08f724a2499c795",
        "type": "github"
      },
      "original": {
        "id": "nixpkgs",
        "type": "indirect"
      }
    },
    "root": {
      "inputs": {
        "flake-utils": "flake-utils",
        "nixpkgs": "nixpkgs_2"
      }
    }
  },
  "root": "root",
  "version": 7
}
